
Microsoft Visual Studio Solution File, Format Version 12.00
# Visual Studio Version 17
VisualStudioVersion = 17.6.33815.320
MinimumVisualStudioVersion = 10.0.40219.1
Project("{2150E333-8FDC-42A3-9474-1A3956D46DE8}") = "Frontends", "Frontends", "{004BCFC3-3DD0-4A72-910C-01B82B9AD3AB}"
EndProject
Project("{2150E333-8FDC-42A3-9474-1A3956D46DE8}") = "Gateway", "Gateway", "{793ACB44-78CA-4BDC-8EA5-89A4D4F26808}"
EndProject
Project("{2150E333-8FDC-42A3-9474-1A3956D46DE8}") = "IdentityServer", "IdentityServer", "{69EC939D-2123-4B80-9632-E943B96D1546}"
EndProject
Project("{2150E333-8FDC-42A3-9474-1A3956D46DE8}") = "Services", "Services", "{B4C5E642-0185-4660-BC85-0A0D564D3C2A}"
EndProject
Project("{2150E333-8FDC-42A3-9474-1A3956D46DE8}") = "SolutionItems", "SolutionItems", "{EEC6BDE3-E615-4109-868F-0B9590920168}"
	ProjectSection(SolutionItems) = preProject
		PortNumber.txt = PortNumber.txt
		ToDoList.txt = ToDoList.txt
	EndProjectSection
EndProject
Project("{2150E333-8FDC-42A3-9474-1A3956D46DE8}") = "Basket", "Basket", "{FA7F63A0-C67D-4CD2-9A56-E154391938D9}"
EndProject
Project("{2150E333-8FDC-42A3-9474-1A3956D46DE8}") = "Catalog", "Catalog", "{5EF9F627-7967-4FCF-AEC6-0B84419D92AE}"
EndProject
Project("{2150E333-8FDC-42A3-9474-1A3956D46DE8}") = "Cargo", "Cargo", "{0DD45671-F302-40B3-876D-DD06BF8479A0}"
EndProject
Project("{2150E333-8FDC-42A3-9474-1A3956D46DE8}") = "Payment", "Payment", "{AC24FC7B-A9D6-4C95-8BFA-123B67C99660}"
EndProject
Project("{2150E333-8FDC-42A3-9474-1A3956D46DE8}") = "Discount", "Discount", "{09C5D108-880F-4E57-8BDE-FFE925536313}"
EndProject
Project("{2150E333-8FDC-42A3-9474-1A3956D46DE8}") = "Order", "Order", "{29DD6758-D18F-45AC-B0A2-AF53E7599F79}"
EndProject
Project("{2150E333-8FDC-42A3-9474-1A3956D46DE8}") = "PhotoStock", "PhotoStock", "{BA755056-1D8C-4931-9489-F555A1690383}"
EndProject
Project("{9A19103F-16F7-4668-BE54-9A1E7A4F7556}") = "CasgemMicroservice.Services.Catalog", "Services\Catalog\CasgemMicroservice.Services.Catalog\CasgemMicroservice.Services.Catalog.csproj", "{88CEE539-89E2-48A4-B1A6-390D86C068CB}"
EndProject
Project("{9A19103F-16F7-4668-BE54-9A1E7A4F7556}") = "CasgemMicroService.IdentityServer", "IdentityServer\CasgemMicroService.IdentityServer\CasgemMicroService.IdentityServer.csproj", "{C92F1EBF-5DB3-4290-92FD-8EA3B7C04D8E}"
EndProject
Project("{9A19103F-16F7-4668-BE54-9A1E7A4F7556}") = "CasgemMicroservice.PhotoStock", "Services\CasgemMicroservice.PhotoStock\CasgemMicroservice.PhotoStock.csproj", "{8100BD0C-749E-4145-9B0F-99A614B0B871}"
EndProject
Project("{9A19103F-16F7-4668-BE54-9A1E7A4F7556}") = "CasgemMicroservice.Services.Basket", "Services\Basket\CasgemMicroservice.Services.Basket\CasgemMicroservice.Services.Basket.csproj", "{12458DA7-865E-4317-9E4C-A00FF49988BE}"
EndProject
Project("{2150E333-8FDC-42A3-9474-1A3956D46DE8}") = "Shared", "Shared", "{262C8B5A-DAC3-4FB2-9101-4F840E9BF0E1}"
EndProject
Project("{9A19103F-16F7-4668-BE54-9A1E7A4F7556}") = "CasgemMicroservice.Shared", "Shared\CasgemMicroservice.Shared\CasgemMicroservice.Shared.csproj", "{BA85F89E-6AB1-4B83-8894-7DE131CDB8BB}"
EndProject
Project("{9A19103F-16F7-4668-BE54-9A1E7A4F7556}") = "CasgemMicroservice.Services.Discount", "Services\Discount\CasgemMicroservice.Services.Discount\CasgemMicroservice.Services.Discount.csproj", "{974FDDCA-F0F0-468E-860E-CF4BA54118CC}"
EndProject
Project("{2150E333-8FDC-42A3-9474-1A3956D46DE8}") = "Core", "Core", "{29577F93-F9AD-4BD0-BFED-87C77AA1AEE7}"
EndProject
Project("{2150E333-8FDC-42A3-9474-1A3956D46DE8}") = "Infrastructure", "Infrastructure", "{39460331-F6F6-446D-819F-9B5BC7BEF26E}"
EndProject
Project("{2150E333-8FDC-42A3-9474-1A3956D46DE8}") = "Presentation", "Presentation", "{8844EF5A-AD18-4039-9695-6B18E87A9A2B}"
EndProject
Project("{9A19103F-16F7-4668-BE54-9A1E7A4F7556}") = "CasgemMicroservice.Services.Order.Core.Domain", "Services\Order\Core\CasgemMicroservice.Services.Order.Core.Domain\CasgemMicroservice.Services.Order.Core.Domain.csproj", "{2FC9DD2B-051C-467C-8ED4-25F54ACF2368}"
EndProject
Project("{9A19103F-16F7-4668-BE54-9A1E7A4F7556}") = "CasgemMicroservice.Services.Order.Core.Application", "Services\Order\Core\CasgemMicroservice.Services.Order.Core.Application\CasgemMicroservice.Services.Order.Core.Application.csproj", "{5FEC6567-E619-4EC0-AA69-7AF05642AB3E}"
EndProject
Project("{9A19103F-16F7-4668-BE54-9A1E7A4F7556}") = "CasgemMicroservice.Services.Order.Infrastructure.Persistance", "Services\Order\Infrastructure\CasgemMicroservice.Services.Order.Infrastructure.Persistance\CasgemMicroservice.Services.Order.Infrastructure.Persistance.csproj", "{35E0428B-C670-4282-92CF-C7F31EA5B804}"
EndProject
Project("{9A19103F-16F7-4668-BE54-9A1E7A4F7556}") = "CasgemMicroservice.Services.Order.Presentation.Api", "Services\Order\Presentation\CasgemMicroservice.Services.Order.Presentation.Api\CasgemMicroservice.Services.Order.Presentation.Api.csproj", "{7E3F914F-5BEE-47E2-82C1-AC4D54916455}"
EndProject
Project("{FAE04EC0-301F-11D3-BF4B-00C04F79EFBC}") = "CasgemMicroservice.Services.Cargo.DataAccessLayer", "Services\Cargo\CasgemMicroservice.Services.Cargo.DataAccessLayer\CasgemMicroservice.Services.Cargo.DataAccessLayer.csproj", "{7F97266A-C2B9-4842-B235-058A79E31BA3}"
EndProject
Project("{FAE04EC0-301F-11D3-BF4B-00C04F79EFBC}") = "CasgemMicroservice.Services.Cargo.EntityLayer", "Services\Cargo\CasgemMicroservice.Services.Cargo.EntityLayer\CasgemMicroservice.Services.Cargo.EntityLayer.csproj", "{A6553612-364C-45C9-A72E-32CA12E6BF36}"
EndProject
Project("{FAE04EC0-301F-11D3-BF4B-00C04F79EFBC}") = "CasgemMicroservice.Services.Cargo.BusinessLayer", "Services\Cargo\CasgemMicroservice.Services.Cargo.BusinessLayer\CasgemMicroservice.Services.Cargo.BusinessLayer.csproj", "{4A5B043C-DD02-455C-A4E1-0B437C8C9786}"
EndProject
Project("{FAE04EC0-301F-11D3-BF4B-00C04F79EFBC}") = "CasgemMicroservice.Services.Cargo.WebApi", "Services\Cargo\CasgemMicroservice.Services.Cargo.WebApi\CasgemMicroservice.Services.Cargo.WebApi.csproj", "{3E126E77-BC16-4590-8106-8CB725E32FA2}"
EndProject
Global
	GlobalSection(SolutionConfigurationPlatforms) = preSolution
		Debug|Any CPU = Debug|Any CPU
		Release|Any CPU = Release|Any CPU
	EndGlobalSection
	GlobalSection(ProjectConfigurationPlatforms) = postSolution
		{88CEE539-89E2-48A4-B1A6-390D86C068CB}.Debug|Any CPU.ActiveCfg = Debug|Any CPU
		{88CEE539-89E2-48A4-B1A6-390D86C068CB}.Debug|Any CPU.Build.0 = Debug|Any CPU
		{88CEE539-89E2-48A4-B1A6-390D86C068CB}.Release|Any CPU.ActiveCfg = Release|Any CPU
		{88CEE539-89E2-48A4-B1A6-390D86C068CB}.Release|Any CPU.Build.0 = Release|Any CPU
		{C92F1EBF-5DB3-4290-92FD-8EA3B7C04D8E}.Debug|Any CPU.ActiveCfg = Debug|Any CPU
		{C92F1EBF-5DB3-4290-92FD-8EA3B7C04D8E}.Debug|Any CPU.Build.0 = Debug|Any CPU
		{C92F1EBF-5DB3-4290-92FD-8EA3B7C04D8E}.Release|Any CPU.ActiveCfg = Release|Any CPU
		{C92F1EBF-5DB3-4290-92FD-8EA3B7C04D8E}.Release|Any CPU.Build.0 = Release|Any CPU
		{8100BD0C-749E-4145-9B0F-99A614B0B871}.Debug|Any CPU.ActiveCfg = Debug|Any CPU
		{8100BD0C-749E-4145-9B0F-99A614B0B871}.Debug|Any CPU.Build.0 = Debug|Any CPU
		{8100BD0C-749E-4145-9B0F-99A614B0B871}.Release|Any CPU.ActiveCfg = Release|Any CPU
		{8100BD0C-749E-4145-9B0F-99A614B0B871}.Release|Any CPU.Build.0 = Release|Any CPU
		{12458DA7-865E-4317-9E4C-A00FF49988BE}.Debug|Any CPU.ActiveCfg = Debug|Any CPU
		{12458DA7-865E-4317-9E4C-A00FF49988BE}.Debug|Any CPU.Build.0 = Debug|Any CPU
		{12458DA7-865E-4317-9E4C-A00FF49988BE}.Release|Any CPU.ActiveCfg = Release|Any CPU
		{12458DA7-865E-4317-9E4C-A00FF49988BE}.Release|Any CPU.Build.0 = Release|Any CPU
		{BA85F89E-6AB1-4B83-8894-7DE131CDB8BB}.Debug|Any CPU.ActiveCfg = Debug|Any CPU
		{BA85F89E-6AB1-4B83-8894-7DE131CDB8BB}.Debug|Any CPU.Build.0 = Debug|Any CPU
		{BA85F89E-6AB1-4B83-8894-7DE131CDB8BB}.Release|Any CPU.ActiveCfg = Release|Any CPU
		{BA85F89E-6AB1-4B83-8894-7DE131CDB8BB}.Release|Any CPU.Build.0 = Release|Any CPU
		{974FDDCA-F0F0-468E-860E-CF4BA54118CC}.Debug|Any CPU.ActiveCfg = Debug|Any CPU
		{974FDDCA-F0F0-468E-860E-CF4BA54118CC}.Debug|Any CPU.Build.0 = Debug|Any CPU
		{974FDDCA-F0F0-468E-860E-CF4BA54118CC}.Release|Any CPU.ActiveCfg = Release|Any CPU
		{974FDDCA-F0F0-468E-860E-CF4BA54118CC}.Release|Any CPU.Build.0 = Release|Any CPU
		{2FC9DD2B-051C-467C-8ED4-25F54ACF2368}.Debug|Any CPU.ActiveCfg = Debug|Any CPU
		{2FC9DD2B-051C-467C-8ED4-25F54ACF2368}.Debug|Any CPU.Build.0 = Debug|Any CPU
		{2FC9DD2B-051C-467C-8ED4-25F54ACF2368}.Release|Any CPU.ActiveCfg = Release|Any CPU
		{2FC9DD2B-051C-467C-8ED4-25F54ACF2368}.Release|Any CPU.Build.0 = Release|Any CPU
		{5FEC6567-E619-4EC0-AA69-7AF05642AB3E}.Debug|Any CPU.ActiveCfg = Debug|Any CPU
		{5FEC6567-E619-4EC0-AA69-7AF05642AB3E}.Debug|Any CPU.Build.0 = Debug|Any CPU
		{5FEC6567-E619-4EC0-AA69-7AF05642AB3E}.Release|Any CPU.ActiveCfg = Release|Any CPU
		{5FEC6567-E619-4EC0-AA69-7AF05642AB3E}.Release|Any CPU.Build.0 = Release|Any CPU
		{35E0428B-C670-4282-92CF-C7F31EA5B804}.Debug|Any CPU.ActiveCfg = Debug|Any CPU
		{35E0428B-C670-4282-92CF-C7F31EA5B804}.Debug|Any CPU.Build.0 = Debug|Any CPU
		{35E0428B-C670-4282-92CF-C7F31EA5B804}.Release|Any CPU.ActiveCfg = Release|Any CPU
		{35E0428B-C670-4282-92CF-C7F31EA5B804}.Release|Any CPU.Build.0 = Release|Any CPU
		{7E3F914F-5BEE-47E2-82C1-AC4D54916455}.Debug|Any CPU.ActiveCfg = Debug|Any CPU
		{7E3F914F-5BEE-47E2-82C1-AC4D54916455}.Debug|Any CPU.Build.0 = Debug|Any CPU
		{7E3F914F-5BEE-47E2-82C1-AC4D54916455}.Release|Any CPU.ActiveCfg = Release|Any CPU
		{7E3F914F-5BEE-47E2-82C1-AC4D54916455}.Release|Any CPU.Build.0 = Release|Any CPU
		{7F97266A-C2B9-4842-B235-058A79E31BA3}.Debug|Any CPU.ActiveCfg = Debug|Any CPU
		{7F97266A-C2B9-4842-B235-058A79E31BA3}.Debug|Any CPU.Build.0 = Debug|Any CPU
		{7F97266A-C2B9-4842-B235-058A79E31BA3}.Release|Any CPU.ActiveCfg = Release|Any CPU
		{7F97266A-C2B9-4842-B235-058A79E31BA3}.Release|Any CPU.Build.0 = Release|Any CPU
		{A6553612-364C-45C9-A72E-32CA12E6BF36}.Debug|Any CPU.ActiveCfg = Debug|Any CPU
		{A6553612-364C-45C9-A72E-32CA12E6BF36}.Debug|Any CPU.Build.0 = Debug|Any CPU
		{A6553612-364C-45C9-A72E-32CA12E6BF36}.Release|Any CPU.ActiveCfg = Release|Any CPU
		{A6553612-364C-45C9-A72E-32CA12E6BF36}.Release|Any CPU.Build.0 = Release|Any CPU
		{4A5B043C-DD02-455C-A4E1-0B437C8C9786}.Debug|Any CPU.ActiveCfg = Debug|Any CPU
		{4A5B043C-DD02-455C-A4E1-0B437C8C9786}.Debug|Any CPU.Build.0 = Debug|Any CPU
		{4A5B043C-DD02-455C-A4E1-0B437C8C9786}.Release|Any CPU.ActiveCfg = Release|Any CPU
		{4A5B043C-DD02-455C-A4E1-0B437C8C9786}.Release|Any CPU.Build.0 = Release|Any CPU
		{3E126E77-BC16-4590-8106-8CB725E32FA2}.Debug|Any CPU.ActiveCfg = Debug|Any CPU
		{3E126E77-BC16-4590-8106-8CB725E32FA2}.Debug|Any CPU.Build.0 = Debug|Any CPU
		{3E126E77-BC16-4590-8106-8CB725E32FA2}.Release|Any CPU.ActiveCfg = Release|Any CPU
		{3E126E77-BC16-4590-8106-8CB725E32FA2}.Release|Any CPU.Build.0 = Release|Any CPU
	EndGlobalSection
	GlobalSection(SolutionProperties) = preSolution
		HideSolutionNode = FALSE
	EndGlobalSection
	GlobalSection(NestedProjects) = preSolution
		{FA7F63A0-C67D-4CD2-9A56-E154391938D9} = {B4C5E642-0185-4660-BC85-0A0D564D3C2A}
		{5EF9F627-7967-4FCF-AEC6-0B84419D92AE} = {B4C5E642-0185-4660-BC85-0A0D564D3C2A}
		{0DD45671-F302-40B3-876D-DD06BF8479A0} = {B4C5E642-0185-4660-BC85-0A0D564D3C2A}
		{AC24FC7B-A9D6-4C95-8BFA-123B67C99660} = {B4C5E642-0185-4660-BC85-0A0D564D3C2A}
		{09C5D108-880F-4E57-8BDE-FFE925536313} = {B4C5E642-0185-4660-BC85-0A0D564D3C2A}
		{29DD6758-D18F-45AC-B0A2-AF53E7599F79} = {B4C5E642-0185-4660-BC85-0A0D564D3C2A}
		{BA755056-1D8C-4931-9489-F555A1690383} = {B4C5E642-0185-4660-BC85-0A0D564D3C2A}
		{88CEE539-89E2-48A4-B1A6-390D86C068CB} = {5EF9F627-7967-4FCF-AEC6-0B84419D92AE}
		{C92F1EBF-5DB3-4290-92FD-8EA3B7C04D8E} = {69EC939D-2123-4B80-9632-E943B96D1546}
		{8100BD0C-749E-4145-9B0F-99A614B0B871} = {BA755056-1D8C-4931-9489-F555A1690383}
		{12458DA7-865E-4317-9E4C-A00FF49988BE} = {FA7F63A0-C67D-4CD2-9A56-E154391938D9}
		{BA85F89E-6AB1-4B83-8894-7DE131CDB8BB} = {262C8B5A-DAC3-4FB2-9101-4F840E9BF0E1}
		{974FDDCA-F0F0-468E-860E-CF4BA54118CC} = {09C5D108-880F-4E57-8BDE-FFE925536313}
		{29577F93-F9AD-4BD0-BFED-87C77AA1AEE7} = {29DD6758-D18F-45AC-B0A2-AF53E7599F79}
		{39460331-F6F6-446D-819F-9B5BC7BEF26E} = {29DD6758-D18F-45AC-B0A2-AF53E7599F79}
		{8844EF5A-AD18-4039-9695-6B18E87A9A2B} = {29DD6758-D18F-45AC-B0A2-AF53E7599F79}
		{2FC9DD2B-051C-467C-8ED4-25F54ACF2368} = {29577F93-F9AD-4BD0-BFED-87C77AA1AEE7}
		{5FEC6567-E619-4EC0-AA69-7AF05642AB3E} = {29577F93-F9AD-4BD0-BFED-87C77AA1AEE7}
		{35E0428B-C670-4282-92CF-C7F31EA5B804} = {39460331-F6F6-446D-819F-9B5BC7BEF26E}
		{7E3F914F-5BEE-47E2-82C1-AC4D54916455} = {8844EF5A-AD18-4039-9695-6B18E87A9A2B}
		{7F97266A-C2B9-4842-B235-058A79E31BA3} = {0DD45671-F302-40B3-876D-DD06BF8479A0}
		{A6553612-364C-45C9-A72E-32CA12E6BF36} = {0DD45671-F302-40B3-876D-DD06BF8479A0}
		{4A5B043C-DD02-455C-A4E1-0B437C8C9786} = {0DD45671-F302-40B3-876D-DD06BF8479A0}
		{3E126E77-BC16-4590-8106-8CB725E32FA2} = {0DD45671-F302-40B3-876D-DD06BF8479A0}
	EndGlobalSection
	GlobalSection(ExtensibilityGlobals) = postSolution
		SolutionGuid = {18753393-82A0-4DCC-A578-8FA2166FEAC4}
	EndGlobalSection
EndGlobal
